
Microsoft Visual Studio Solution File, Format Version 12.00
# Visual Studio Version 17
VisualStudioVersion = 17.8.34330.188
MinimumVisualStudioVersion = 10.0.40219.1
Project("{FAE04EC0-301F-11D3-BF4B-00C04F79EFBC}") = "Api.Portal", "Api.Portal\Api.Portal.csproj", "{A6D7561D-F539-4EC5-B202-2C1E43155F75}"
EndProject
Global
	GlobalSection(SolutionConfigurationPlatforms) = preSolution
		Debug|Any CPU = Debug|Any CPU
		Release|Any CPU = Release|Any CPU
	EndGlobalSection
	GlobalSection(ProjectConfigurationPlatforms) = postSolution
		{A6D7561D-F539-4EC5-B202-2C1E43155F75}.Debug|Any CPU.ActiveCfg = Debug|Any CPU
		{A6D7561D-F539-4EC5-B202-2C1E43155F75}.Debug|Any CPU.Build.0 = Debug|Any CPU
		{A6D7561D-F539-4EC5-B202-2C1E43155F75}.Release|Any CPU.ActiveCfg = Release|Any CPU
		{A6D7561D-F539-4EC5-B202-2C1E43155F75}.Release|Any CPU.Build.0 = Release|Any CPU
	EndGlobalSection
	GlobalSection(SolutionProperties) = preSolution
		HideSolutionNode = FALSE
	EndGlobalSection
	GlobalSection(ExtensibilityGlobals) = postSolution
		SolutionGuid = {D4DE7D6A-1D3C-45E5-BF65-98C3A7E5840A}
	EndGlobalSection
EndGlobal
